
Microsoft Visual Studio Solution File, Format Version 12.00
# Visual Studio Version 16
VisualStudioVersion = 16.0.32510.428
MinimumVisualStudioVersion = 10.0.40219.1
Project("{FAE04EC0-301F-11D3-BF4B-00C04F79EFBC}") = "WebApiRabbitMQ", "WebApiRabbitMQ\WebApiRabbitMQ.csproj", "{774A037E-7A90-44BF-80DD-AE4C6A4C88DA}"
EndProject
Global
	GlobalSection(SolutionConfigurationPlatforms) = preSolution
		Debug|Any CPU = Debug|Any CPU
		Release|Any CPU = Release|Any CPU
	EndGlobalSection
	GlobalSection(ProjectConfigurationPlatforms) = postSolution
		{774A037E-7A90-44BF-80DD-AE4C6A4C88DA}.Debug|Any CPU.ActiveCfg = Debug|Any CPU
		{774A037E-7A90-44BF-80DD-AE4C6A4C88DA}.Debug|Any CPU.Build.0 = Debug|Any CPU
		{774A037E-7A90-44BF-80DD-AE4C6A4C88DA}.Release|Any CPU.ActiveCfg = Release|Any CPU
		{774A037E-7A90-44BF-80DD-AE4C6A4C88DA}.Release|Any CPU.Build.0 = Release|Any CPU
	EndGlobalSection
	GlobalSection(SolutionProperties) = preSolution
		HideSolutionNode = FALSE
	EndGlobalSection
	GlobalSection(ExtensibilityGlobals) = postSolution
		SolutionGuid = {F09F15A2-1717-448B-B694-76EEB473E6DB}
	EndGlobalSection
EndGlobal
